
Microsoft Visual Studio Solution File, Format Version 12.00
# Visual Studio Version 16
VisualStudioVersion = 16.0.30320.27
MinimumVisualStudioVersion = 10.0.40219.1
Project("{FAE04EC0-301F-11D3-BF4B-00C04F79EFBC}") = "BlazorRevitSample", "BlazorRevitSample\BlazorRevitSample.csproj", "{74ABFEAC-7828-4927-BACE-5B202D973FD7}"
EndProject
Global
	GlobalSection(SolutionConfigurationPlatforms) = preSolution
		Debug|Any CPU = Debug|Any CPU
		Release|Any CPU = Release|Any CPU
	EndGlobalSection
	GlobalSection(ProjectConfigurationPlatforms) = postSolution
		{74ABFEAC-7828-4927-BACE-5B202D973FD7}.Debug|Any CPU.ActiveCfg = Debug|Any CPU
		{74ABFEAC-7828-4927-BACE-5B202D973FD7}.Debug|Any CPU.Build.0 = Debug|Any CPU
		{74ABFEAC-7828-4927-BACE-5B202D973FD7}.Release|Any CPU.ActiveCfg = Release|Any CPU
		{74ABFEAC-7828-4927-BACE-5B202D973FD7}.Release|Any CPU.Build.0 = Release|Any CPU
	EndGlobalSection
	GlobalSection(SolutionProperties) = preSolution
		HideSolutionNode = FALSE
	EndGlobalSection
	GlobalSection(ExtensibilityGlobals) = postSolution
		SolutionGuid = {C8603542-D70E-4F8B-9B5D-047F26285A96}
	EndGlobalSection
EndGlobal
